
Microsoft Visual Studio Solution File, Format Version 12.00
# Visual Studio Version 16
VisualStudioVersion = 16.0.28803.352
MinimumVisualStudioVersion = 10.0.40219.1
Project("{FAE04EC0-301F-11D3-BF4B-00C04F79EFBC}") = "MiniInternetMagazin", "MiniInternetMagazin\MiniInternetMagazin.csproj", "{EF4B6927-7D8E-4C43-A90B-39DF3243F621}"
EndProject
Global
	GlobalSection(SolutionConfigurationPlatforms) = preSolution
		Debug|Any CPU = Debug|Any CPU
		Release|Any CPU = Release|Any CPU
	EndGlobalSection
	GlobalSection(ProjectConfigurationPlatforms) = postSolution
		{EF4B6927-7D8E-4C43-A90B-39DF3243F621}.Debug|Any CPU.ActiveCfg = Debug|Any CPU
		{EF4B6927-7D8E-4C43-A90B-39DF3243F621}.Debug|Any CPU.Build.0 = Debug|Any CPU
		{EF4B6927-7D8E-4C43-A90B-39DF3243F621}.Release|Any CPU.ActiveCfg = Release|Any CPU
		{EF4B6927-7D8E-4C43-A90B-39DF3243F621}.Release|Any CPU.Build.0 = Release|Any CPU
	EndGlobalSection
	GlobalSection(SolutionProperties) = preSolution
		HideSolutionNode = FALSE
	EndGlobalSection
	GlobalSection(ExtensibilityGlobals) = postSolution
		SolutionGuid = {AE48A9F2-5F84-4B82-8481-B2E896B0E5A2}
	EndGlobalSection
EndGlobal
